
Microsoft Visual Studio Solution File, Format Version 12.00
# Visual Studio 15
VisualStudioVersion = 15.0.27703.2018
MinimumVisualStudioVersion = 10.0.40219.1
Project("{FAE04EC0-301F-11D3-BF4B-00C04F79EFBC}") = "EShopPrototypeConsole", "EShopPrototypeConsole\EShopPrototypeConsole.csproj", "{63C51CFD-005E-4F46-B436-3852AA662342}"
EndProject
Project("{FAE04EC0-301F-11D3-BF4B-00C04F79EFBC}") = "EShopPrototypeConsole.Domain", "EShopPrototypeConsole.Domain\EShopPrototypeConsole.Domain.csproj", "{973458F0-07F9-47D4-8F7B-CD2014B03FA4}"
EndProject
Project("{2150E333-8FDC-42A3-9474-1A3956D46DE8}") = "NewFolder1", "NewFolder1", "{A0BE1818-3A8E-45B7-8478-F420127AACCD}"
EndProject
Global
	GlobalSection(SolutionConfigurationPlatforms) = preSolution
		Debug|Any CPU = Debug|Any CPU
		Release|Any CPU = Release|Any CPU
	EndGlobalSection
	GlobalSection(ProjectConfigurationPlatforms) = postSolution
		{63C51CFD-005E-4F46-B436-3852AA662342}.Debug|Any CPU.ActiveCfg = Debug|Any CPU
		{63C51CFD-005E-4F46-B436-3852AA662342}.Debug|Any CPU.Build.0 = Debug|Any CPU
		{63C51CFD-005E-4F46-B436-3852AA662342}.Release|Any CPU.ActiveCfg = Release|Any CPU
		{63C51CFD-005E-4F46-B436-3852AA662342}.Release|Any CPU.Build.0 = Release|Any CPU
		{973458F0-07F9-47D4-8F7B-CD2014B03FA4}.Debug|Any CPU.ActiveCfg = Debug|Any CPU
		{973458F0-07F9-47D4-8F7B-CD2014B03FA4}.Debug|Any CPU.Build.0 = Debug|Any CPU
		{973458F0-07F9-47D4-8F7B-CD2014B03FA4}.Release|Any CPU.ActiveCfg = Release|Any CPU
		{973458F0-07F9-47D4-8F7B-CD2014B03FA4}.Release|Any CPU.Build.0 = Release|Any CPU
	EndGlobalSection
	GlobalSection(SolutionProperties) = preSolution
		HideSolutionNode = FALSE
	EndGlobalSection
	GlobalSection(ExtensibilityGlobals) = postSolution
		SolutionGuid = {96B8D26C-9C1D-4C20-AAB1-84C23769E16B}
	EndGlobalSection
EndGlobal
